// !$*UTF8*$!
{
	archiveVersion = 1;
	classes = {
	};
	objectVersion = 46;
	objects = {

/* Begin PBXBuildFile section */
		39897E2D1B44E037003CA0E8 /* CommonConfig.swift in Sources */ = {isa = PBXBuildFile; fileRef = 39897E2C1B44E037003CA0E8 /* CommonConfig.swift */; };
		39B5324C1B4BA7D900FC83CA /* ChatCell.swift in Sources */ = {isa = PBXBuildFile; fileRef = 39B5324B1B4BA7D900FC83CA /* ChatCell.swift */; };
		8906D5D91B442252007ECF10 /* AppDelegate.swift in Sources */ = {isa = PBXBuildFile; fileRef = 8906D5D81B442252007ECF10 /* AppDelegate.swift */; };
		8906D5DB1B442252007ECF10 /* ViewController.swift in Sources */ = {isa = PBXBuildFile; fileRef = 8906D5DA1B442252007ECF10 /* ViewController.swift */; };
		8906D5DE1B442252007ECF10 /* Main.storyboard in Resources */ = {isa = PBXBuildFile; fileRef = 8906D5DC1B442252007ECF10 /* Main.storyboard */; };
		8906D5E01B442252007ECF10 /* Images.xcassets in Resources */ = {isa = PBXBuildFile; fileRef = 8906D5DF1B442252007ECF10 /* Images.xcassets */; };
		8906D5E31B442252007ECF10 /* LaunchScreen.xib in Resources */ = {isa = PBXBuildFile; fileRef = 8906D5E11B442252007ECF10 /* LaunchScreen.xib */; };
		8906D5EF1B442252007ECF10 /* MultipeerChatTests.swift in Sources */ = {isa = PBXBuildFile; fileRef = 8906D5EE1B442252007ECF10 /* MultipeerChatTests.swift */; };
		896CB7721B481A97004EC081 /* DisplayNameViewController.swift in Sources */ = {isa = PBXBuildFile; fileRef = 896CB7711B481A97004EC081 /* DisplayNameViewController.swift */; };
		898830F51B4575F7007E4592 /* ChatViewController.swift in Sources */ = {isa = PBXBuildFile; fileRef = 898830F41B4575F7007E4592 /* ChatViewController.swift */; };
		898830F71B458A24007E4592 /* PeerCell.swift in Sources */ = {isa = PBXBuildFile; fileRef = 898830F61B458A24007E4592 /* PeerCell.swift */; };
/* End PBXBuildFile section */

/* Begin PBXContainerItemProxy section */
		8906D5E91B442252007ECF10 /* PBXContainerItemProxy */ = {
			isa = PBXContainerItemProxy;
			containerPortal = 8906D5CB1B442252007ECF10 /* Project object */;
			proxyType = 1;
			remoteGlobalIDString = 8906D5D21B442252007ECF10;
			remoteInfo = MultipeerChat;
		};
/* End PBXContainerItemProxy section */

/* Begin PBXFileReference section */
		39897E2C1B44E037003CA0E8 /* CommonConfig.swift */ = {isa = PBXFileReference; fileEncoding = 4; lastKnownFileType = sourcecode.swift; path = CommonConfig.swift; sourceTree = "<group>"; };
		39B5324B1B4BA7D900FC83CA /* ChatCell.swift */ = {isa = PBXFileReference; fileEncoding = 4; lastKnownFileType = sourcecode.swift; path = ChatCell.swift; sourceTree = "<group>"; };
		8906D5D31B442252007ECF10 /* MultipeerChat.app */ = {isa = PBXFileReference; explicitFileType = wrapper.application; includeInIndex = 0; path = MultipeerChat.app; sourceTree = BUILT_PRODUCTS_DIR; };
		8906D5D71B442252007ECF10 /* Info.plist */ = {isa = PBXFileReference; lastKnownFileType = text.plist.xml; path = Info.plist; sourceTree = "<group>"; };
		8906D5D81B442252007ECF10 /* AppDelegate.swift */ = {isa = PBXFileReference; lastKnownFileType = sourcecode.swift; path = AppDelegate.swift; sourceTree = "<group>"; };
		8906D5DA1B442252007ECF10 /* ViewController.swift */ = {isa = PBXFileReference; lastKnownFileType = sourcecode.swift; path = ViewController.swift; sourceTree = "<group>"; };
		8906D5DD1B442252007ECF10 /* Base */ = {isa = PBXFileReference; lastKnownFileType = file.storyboard; name = Base; path = Base.lproj/Main.storyboard; sourceTree = "<group>"; };
		8906D5DF1B442252007ECF10 /* Images.xcassets */ = {isa = PBXFileReference; lastKnownFileType = folder.assetcatalog; path = Images.xcassets; sourceTree = "<group>"; };
		8906D5E21B442252007ECF10 /* Base */ = {isa = PBXFileReference; lastKnownFileType = file.xib; name = Base; path = Base.lproj/LaunchScreen.xib; sourceTree = "<group>"; };
		8906D5E81B442252007ECF10 /* MultipeerChatTests.xctest */ = {isa = PBXFileReference; explicitFileType = wrapper.cfbundle; includeInIndex = 0; path = MultipeerChatTests.xctest; sourceTree = BUILT_PRODUCTS_DIR; };
		8906D5ED1B442252007ECF10 /* Info.plist */ = {isa = PBXFileReference; lastKnownFileType = text.plist.xml; path = Info.plist; sourceTree = "<group>"; };
		8906D5EE1B442252007ECF10 /* MultipeerChatTests.swift */ = {isa = PBXFileReference; lastKnownFileType = sourcecode.swift; path = MultipeerChatTests.swift; sourceTree = "<group>"; };
		896CB7711B481A97004EC081 /* DisplayNameViewController.swift */ = {isa = PBXFileReference; fileEncoding = 4; lastKnownFileType = sourcecode.swift; path = DisplayNameViewController.swift; sourceTree = "<group>"; };
		898830F41B4575F7007E4592 /* ChatViewController.swift */ = {isa = PBXFileReference; fileEncoding = 4; lastKnownFileType = sourcecode.swift; path = ChatViewController.swift; sourceTree = "<group>"; };
		898830F61B458A24007E4592 /* PeerCell.swift */ = {isa = PBXFileReference; fileEncoding = 4; lastKnownFileType = sourcecode.swift; path = PeerCell.swift; sourceTree = "<group>"; };
/* End PBXFileReference section */

/* Begin PBXFrameworksBuildPhase section */
		8906D5D01B442252007ECF10 /* Frameworks */ = {
			isa = PBXFrameworksBuildPhase;
			buildActionMask = 2147483647;
			files = (
			);
			runOnlyForDeploymentPostprocessing = 0;
		};
		8906D5E51B442252007ECF10 /* Frameworks */ = {
			isa = PBXFrameworksBuildPhase;
			buildActionMask = 2147483647;
			files = (
			);
			runOnlyForDeploymentPostprocessing = 0;
		};
/* End PBXFrameworksBuildPhase section */

/* Begin PBXGroup section */
		8906D5CA1B442252007ECF10 = {
			isa = PBXGroup;
			children = (
				8906D5D51B442252007ECF10 /* MultipeerChat */,
				8906D5EB1B442252007ECF10 /* MultipeerChatTests */,
				8906D5D41B442252007ECF10 /* Products */,
			);
			sourceTree = "<group>";
		};
		8906D5D41B442252007ECF10 /* Products */ = {
			isa = PBXGroup;
			children = (
				8906D5D31B442252007ECF10 /* MultipeerChat.app */,
				8906D5E81B442252007ECF10 /* MultipeerChatTests.xctest */,
			);
			name = Products;
			sourceTree = "<group>";
		};
		8906D5D51B442252007ECF10 /* MultipeerChat */ = {
			isa = PBXGroup;
			children = (
				8906D5D81B442252007ECF10 /* AppDelegate.swift */,
				896CB7711B481A97004EC081 /* DisplayNameViewController.swift */,
				8906D5DA1B442252007ECF10 /* ViewController.swift */,
				898830F41B4575F7007E4592 /* ChatViewController.swift */,
				39897E2C1B44E037003CA0E8 /* CommonConfig.swift */,
				898830F61B458A24007E4592 /* PeerCell.swift */,
				39B5324B1B4BA7D900FC83CA /* ChatCell.swift */,
				8906D5DC1B442252007ECF10 /* Main.storyboard */,
				8906D5DF1B442252007ECF10 /* Images.xcassets */,
				8906D5E11B442252007ECF10 /* LaunchScreen.xib */,
				8906D5D61B442252007ECF10 /* Supporting Files */,
			);
			path = MultipeerChat;
			sourceTree = "<group>";
		};
		8906D5D61B442252007ECF10 /* Supporting Files */ = {
			isa = PBXGroup;
			children = (
				8906D5D71B442252007ECF10 /* Info.plist */,
			);
			name = "Supporting Files";
			sourceTree = "<group>";
		};
		8906D5EB1B442252007ECF10 /* MultipeerChatTests */ = {
			isa = PBXGroup;
			children = (
				8906D5EE1B442252007ECF10 /* MultipeerChatTests.swift */,
				8906D5EC1B442252007ECF10 /* Supporting Files */,
			);
			path = MultipeerChatTests;
			sourceTree = "<group>";
		};
		8906D5EC1B442252007ECF10 /* Supporting Files */ = {
			isa = PBXGroup;
			children = (
				8906D5ED1B442252007ECF10 /* Info.plist */,
			);
			name = "Supporting Files";
			sourceTree = "<group>";
		};
/* End PBXGroup section */

/* Begin PBXNativeTarget section */
		8906D5D21B442252007ECF10 /* MultipeerChat */ = {
			isa = PBXNativeTarget;
			buildConfigurationList = 8906D5F21B442252007ECF10 /* Build configuration list for PBXNativeTarget "MultipeerChat" */;
			buildPhases = (
				8906D5CF1B442252007ECF10 /* Sources */,
				8906D5D01B442252007ECF10 /* Frameworks */,
				8906D5D11B442252007ECF10 /* Resources */,
			);
			buildRules = (
			);
			dependencies = (
			);
			name = MultipeerChat;
			productName = MultipeerChat;
			productReference = 8906D5D31B442252007ECF10 /* MultipeerChat.app */;
			productType = "com.apple.product-type.application";
		};
		8906D5E71B442252007ECF10 /* MultipeerChatTests */ = {
			isa = PBXNativeTarget;
			buildConfigurationList = 8906D5F51B442252007ECF10 /* Build configuration list for PBXNativeTarget "MultipeerChatTests" */;
			buildPhases = (
				8906D5E41B442252007ECF10 /* Sources */,
				8906D5E51B442252007ECF10 /* Frameworks */,
				8906D5E61B442252007ECF10 /* Resources */,
			);
			buildRules = (
			);
			dependencies = (
				8906D5EA1B442252007ECF10 /* PBXTargetDependency */,
			);
			name = MultipeerChatTests;
			productName = MultipeerChatTests;
			productReference = 8906D5E81B442252007ECF10 /* MultipeerChatTests.xctest */;
			productType = "com.apple.product-type.bundle.unit-test";
		};
/* End PBXNativeTarget section */

/* Begin PBXProject section */
		8906D5CB1B442252007ECF10 /* Project object */ = {
			isa = PBXProject;
			attributes = {
				LastUpgradeCheck = 0630;
				ORGANIZATIONNAME = Coolheart;
				TargetAttributes = {
					8906D5D21B442252007ECF10 = {
						CreatedOnToolsVersion = 6.3.2;
					};
					8906D5E71B442252007ECF10 = {
						CreatedOnToolsVersion = 6.3.2;
						TestTargetID = 8906D5D21B442252007ECF10;
					};
				};
			};
			buildConfigurationList = 8906D5CE1B442252007ECF10 /* Build configuration list for PBXProject "MultipeerChat" */;
			compatibilityVersion = "Xcode 3.2";
			developmentRegion = English;
			hasScannedForEncodings = 0;
			knownRegions = (
				en,
				Base,
			);
			mainGroup = 8906D5CA1B442252007ECF10;
			productRefGroup = 8906D5D41B442252007ECF10 /* Products */;
			projectDirPath = "";
			projectRoot = "";
			targets = (
				8906D5D21B442252007ECF10 /* MultipeerChat */,
				8906D5E71B442252007ECF10 /* MultipeerChatTests */,
			);
		};
/* End PBXProject section */

/* Begin PBXResourcesBuildPhase section */
		8906D5D11B442252007ECF10 /* Resources */ = {
			isa = PBXResourcesBuildPhase;
			buildActionMask = 2147483647;
			files = (
				8906D5DE1B442252007ECF10 /* Main.storyboard in Resources */,
				8906D5E31B442252007ECF10 /* LaunchScreen.xib in Resources */,
				8906D5E01B442252007ECF10 /* Images.xcassets in Resources */,
			);
			runOnlyForDeploymentPostprocessing = 0;
		};
		8906D5E61B442252007ECF10 /* Resources */ = {
			isa = PBXResourcesBuildPhase;
			buildActionMask = 2147483647;
			files = (
			);
			runOnlyForDeploymentPostprocessing = 0;
		};
/* End PBXResourcesBuildPhase section */

/* Begin PBXSourcesBuildPhase section */
		8906D5CF1B442252007ECF10 /* Sources */ = {
			isa = PBXSourcesBuildPhase;
			buildActionMask = 2147483647;
			files = (
				8906D5DB1B442252007ECF10 /* ViewController.swift in Sources */,
				898830F71B458A24007E4592 /* PeerCell.swift in Sources */,
				39897E2D1B44E037003CA0E8 /* CommonConfig.swift in Sources */,
				898830F51B4575F7007E4592 /* ChatViewController.swift in Sources */,
				39B5324C1B4BA7D900FC83CA /* ChatCell.swift in Sources */,
				896CB7721B481A97004EC081 /* DisplayNameViewController.swift in Sources */,
				8906D5D91B442252007ECF10 /* AppDelegate.swift in Sources */,
			);
			runOnlyForDeploymentPostprocessing = 0;
		};
		8906D5E41B442252007ECF10 /* Sources */ = {
			isa = PBXSourcesBuildPhase;
			buildActionMask = 2147483647;
			files = (
				8906D5EF1B442252007ECF10 /* MultipeerChatTests.swift in Sources */,
			);
			runOnlyForDeploymentPostprocessing = 0;
		};
/* End PBXSourcesBuildPhase section */

/* Begin PBXTargetDependency section */
		8906D5EA1B442252007ECF10 /* PBXTargetDependency */ = {
			isa = PBXTargetDependency;
			target = 8906D5D21B442252007ECF10 /* MultipeerChat */;
			targetProxy = 8906D5E91B442252007ECF10 /* PBXContainerItemProxy */;
		};
/* End PBXTargetDependency section */

/* Begin PBXVariantGroup section */
		8906D5DC1B442252007ECF10 /* Main.storyboard */ = {
			isa = PBXVariantGroup;
			children = (
				8906D5DD1B442252007ECF10 /* Base */,
			);
			name = Main.storyboard;
			sourceTree = "<group>";
		};
		8906D5E11B442252007ECF10 /* LaunchScreen.xib */ = {
			isa = PBXVariantGroup;
			children = (
				8906D5E21B442252007ECF10 /* Base */,
			);
			name = LaunchScreen.xib;
			sourceTree = "<group>";
		};
/* End PBXVariantGroup section */

/* Begin XCBuildConfiguration section */
		8906D5F01B442252007ECF10 /* Debug */ = {
			isa = XCBuildConfiguration;
			buildSettings = {
				ALWAYS_SEARCH_USER_PATHS = NO;
				CLANG_CXX_LANGUAGE_STANDARD = "gnu++0x";
				CLANG_CXX_LIBRARY = "libc++";
				CLANG_ENABLE_MODULES = YES;
				CLANG_ENABLE_OBJC_ARC = YES;
				CLANG_WARN_BOOL_CONVERSION = YES;
				CLANG_WARN_CONSTANT_CONVERSION = YES;
				CLANG_WARN_DIRECT_OBJC_ISA_USAGE = YES_ERROR;
				CLANG_WARN_EMPTY_BODY = YES;
				CLANG_WARN_ENUM_CONVERSION = YES;
				CLANG_WARN_INT_CONVERSION = YES;
				CLANG_WARN_OBJC_ROOT_CLASS = YES_ERROR;
				CLANG_WARN_UNREACHABLE_CODE = YES;
				CLANG_WARN__DUPLICATE_METHOD_MATCH = YES;
				"CODE_SIGN_IDENTITY[sdk=iphoneos*]" = "iPhone Developer";
				COPY_PHASE_STRIP = NO;
				DEBUG_INFORMATION_FORMAT = "dwarf-with-dsym";
				ENABLE_STRICT_OBJC_MSGSEND = YES;
				GCC_C_LANGUAGE_STANDARD = gnu99;
				GCC_DYNAMIC_NO_PIC = NO;
				GCC_NO_COMMON_BLOCKS = YES;
				GCC_OPTIMIZATION_LEVEL = 0;
				GCC_PREPROCESSOR_DEFINITIONS = (
					"DEBUG=1",
					"$(inherited)",
				);
				GCC_SYMBOLS_PRIVATE_EXTERN = NO;
				GCC_WARN_64_TO_32_BIT_CONVERSION = YES;
				GCC_WARN_ABOUT_RETURN_TYPE = YES_ERROR;
				GCC_WARN_UNDECLARED_SELECTOR = YES;
				GCC_WARN_UNINITIALIZED_AUTOS = YES_AGGRESSIVE;
				GCC_WARN_UNUSED_FUNCTION = YES;
				GCC_WARN_UNUSED_VARIABLE = YES;
				IPHONEOS_DEPLOYMENT_TARGET = 8.3;
				MTL_ENABLE_DEBUG_INFO = YES;
				ONLY_ACTIVE_ARCH = YES;
				SDKROOT = iphoneos;
				SWIFT_OPTIMIZATION_LEVEL = "-Onone";
			};
			name = Debug;
		};
		8906D5F11B442252007ECF10 /* Release */ = {
			isa = XCBuildConfiguration;
			buildSettings = {
				ALWAYS_SEARCH_USER_PATHS = NO;
				CLANG_CXX_LANGUAGE_STANDARD = "gnu++0x";
				CLANG_CXX_LIBRARY = "libc++";
				CLANG_ENABLE_MODULES = YES;
				CLANG_ENABLE_OBJC_ARC = YES;
				CLANG_WARN_BOOL_CONVERSION = YES;
				CLANG_WARN_CONSTANT_CONVERSION = YES;
				CLANG_WARN_DIRECT_OBJC_ISA_USAGE = YES_ERROR;
				CLANG_WARN_EMPTY_BODY = YES;
				CLANG_WARN_ENUM_CONVERSION = YES;
				CLANG_WARN_INT_CONVERSION = YES;
				CLANG_WARN_OBJC_ROOT_CLASS = YES_ERROR;
				CLANG_WARN_UNREACHABLE_CODE = YES;
				CLANG_WARN__DUPLICATE_METHOD_MATCH = YES;
				"CODE_SIGN_IDENTITY[sdk=iphoneos*]" = "iPhone Developer";
				COPY_PHASE_STRIP = NO;
				DEBUG_INFORMATION_FORMAT = "dwarf-with-dsym";
				ENABLE_NS_ASSERTIONS = NO;
				ENABLE_STRICT_OBJC_MSGSEND = YES;
				GCC_C_LANGUAGE_STANDARD = gnu99;
				GCC_NO_COMMON_BLOCKS = YES;
				GCC_WARN_64_TO_32_BIT_CONVERSION = YES;
				GCC_WARN_ABOUT_RETURN_TYPE = YES_ERROR;
				GCC_WARN_UNDECLARED_SELECTOR = YES;
				GCC_WARN_UNINITIALIZED_AUTOS = YES_AGGRESSIVE;
				GCC_WARN_UNUSED_FUNCTION = YES;
				GCC_WARN_UNUSED_VARIABLE = YES;
				IPHONEOS_DEPLOYMENT_TARGET = 8.3;
				MTL_ENABLE_DEBUG_INFO = NO;
				SDKROOT = iphoneos;
				VALIDATE_PRODUCT = YES;
			};
			name = Release;
		};
		8906D5F31B442252007ECF10 /* Debug */ = {
			isa = XCBuildConfiguration;
			buildSettings = {
				ASSETCATALOG_COMPILER_APPICON_NAME = AppIcon;
				INFOPLIST_FILE = MultipeerChat/Info.plist;
				IPHONEOS_DEPLOYMENT_TARGET = 8.0;
				LD_RUNPATH_SEARCH_PATHS = "$(inherited) @executable_path/Frameworks";
				PRODUCT_NAME = "$(TARGET_NAME)";
			};
			name = Debug;
		};
		8906D5F41B442252007ECF10 /* Release */ = {
			isa = XCBuildConfiguration;
			buildSettings = {
				ASSETCATALOG_COMPILER_APPICON_NAME = AppIcon;
				INFOPLIST_FILE = MultipeerChat/Info.plist;
				IPHONEOS_DEPLOYMENT_TARGET = 8.0;
				LD_RUNPATH_SEARCH_PATHS = "$(inherited) @executable_path/Frameworks";
				PRODUCT_NAME = "$(TARGET_NAME)";
			};
			name = Release;
		};
		8906D5F61B442252007ECF10 /* Debug */ = {
			isa = XCBuildConfiguration;
			buildSettings = {
				BUNDLE_LOADER = "$(TEST_HOST)";
				FRAMEWORK_SEARCH_PATHS = (
					"$(SDKROOT)/Developer/Library/Frameworks",
					"$(inherited)",
				);
				GCC_PREPROCESSOR_DEFINITIONS = (
					"DEBUG=1",
					"$(inherited)",
				);
				INFOPLIST_FILE = MultipeerChatTests/Info.plist;
				LD_RUNPATH_SEARCH_PATHS = "$(inherited) @executable_path/Frameworks @loader_path/Frameworks";
				PRODUCT_NAME = "$(TARGET_NAME)";
				TEST_HOST = "$(BUILT_PRODUCTS_DIR)/MultipeerChat.app/MultipeerChat";
			};
			name = Debug;
		};
		8906D5F71B442252007ECF10 /* Release */ = {
			isa = XCBuildConfiguration;
			buildSettings = {
				BUNDLE_LOADER = "$(TEST_HOST)";
				FRAMEWORK_SEARCH_PATHS = (
					"$(SDKROOT)/Developer/Library/Frameworks",
					"$(inherited)",
				);
				INFOPLIST_FILE = MultipeerChatTests/Info.plist;
				LD_RUNPATH_SEARCH_PATHS = "$(inherited) @executable_path/Frameworks @loader_path/Frameworks";
				PRODUCT_NAME = "$(TARGET_NAME)";
				TEST_HOST = "$(BUILT_PRODUCTS_DIR)/MultipeerChat.app/MultipeerChat";
			};
			name = Release;
		};
/* End XCBuildConfiguration section */

/* Begin XCConfigurationList section */
		8906D5CE1B442252007ECF10 /* Build configuration list for PBXProject "MultipeerChat" */ = {
			isa = XCConfigurationList;
			buildConfigurations = (
				8906D5F01B442252007ECF10 /* Debug */,
				8906D5F11B442252007ECF10 /* Release */,
			);
			defaultConfigurationIsVisible = 0;
			defaultConfigurationName = Release;
		};
		8906D5F21B442252007ECF10 /* Build configuration list for PBXNativeTarget "MultipeerChat" */ = {
			isa = XCConfigurationList;
			buildConfigurations = (
				8906D5F31B442252007ECF10 /* Debug */,
				8906D5F41B442252007ECF10 /* Release */,
			);
			defaultConfigurationIsVisible = 0;
			defaultConfigurationName = Release;
		};
		8906D5F51B442252007ECF10 /* Build configuration list for PBXNativeTarget "MultipeerChatTests" */ = {
			isa = XCConfigurationList;
			buildConfigurations = (
				8906D5F61B442252007ECF10 /* Debug */,
				8906D5F71B442252007ECF10 /* Release */,
			);
			defaultConfigurationIsVisible = 0;
			defaultConfigurationName = Release;
		};
/* End XCConfigurationList section */
	};
	rootObject = 8906D5CB1B442252007ECF10 /* Project object */;
}
